{
  "requires": true,
  "lockfileVersion": 1,
  "dependencies": {
    "webextension-polyfill": {
      "version": "0.8.0",
      "resolved": "https://registry.npmjs.org/webextension-polyfill/-/webextension-polyfill-0.8.0.tgz",
      "integrity": "sha512-a19+DzlT6Kp9/UI+mF9XQopeZ+n2ussjhxHJ4/pmIGge9ijCDz7Gn93mNnjpZAk95T4Tae8iHZ6sSf869txqiQ==",
      "dev": true
    }
  }
}
